#MicroXplorer Configuration settings - do not modify
ADC1.Channel-0\#ChannelRegularConversion=ADC_CHANNEL_2
ADC1.ClockPrescaler=ADC_CLOCK_ASYNC_DIV4
ADC1.DMAAccessModeView=ENABLE
ADC1.IPParameters=Rank-0\#ChannelRegularConversion,master,Channel-0\#ChannelRegularConversion,SamplingTime-0\#ChannelRegularConversion,OffsetNumber-0\#ChannelRegularConversion,OffsetSignedSaturation-0\#ChannelRegularConversion,NbrOfConversionFlag,Mode,DMAAccessModeView,Resolution,ClockPrescaler
ADC1.Mode=ADC_DUALMODE_REGSIMULT
ADC1.NbrOfConversionFlag=1
ADC1.OffsetNumber-0\#ChannelRegularConversion=ADC_OFFSET_NONE
ADC1.OffsetSignedSaturation-0\#ChannelRegularConversion=DISABLE
ADC1.Rank-0\#ChannelRegularConversion=1
ADC1.Resolution=ADC_RESOLUTION_14B
ADC1.SamplingTime-0\#ChannelRegularConversion=ADC_SAMPLETIME_1CYCLE_5
ADC1.master=1
ADC2.Channel-0\#ChannelRegularConversion=ADC_CHANNEL_2
ADC2.ClockPrescaler=ADC_CLOCK_ASYNC_DIV4
ADC2.DMAAccessModeView=ENABLE
ADC2.IPParameters=Rank-0\#ChannelRegularConversion,Channel-0\#ChannelRegularConversion,SamplingTime-0\#ChannelRegularConversion,OffsetNumber-0\#ChannelRegularConversion,OffsetSignedSaturation-0\#ChannelRegularConversion,NbrOfConversionFlag,Mode,DMAAccessModeView,Resolution,ClockPrescaler
ADC2.Mode=ADC_DUALMODE_REGSIMULT
ADC2.NbrOfConversionFlag=1
ADC2.OffsetNumber-0\#ChannelRegularConversion=ADC_OFFSET_NONE
ADC2.OffsetSignedSaturation-0\#ChannelRegularConversion=DISABLE
ADC2.Rank-0\#ChannelRegularConversion=1
ADC2.Resolution=ADC_RESOLUTION_14B
ADC2.SamplingTime-0\#ChannelRegularConversion=ADC_SAMPLETIME_1CYCLE_5
ADC3.Channel-0\#ChannelRegularConversion=ADC_CHANNEL_0
ADC3.IPParameters=Rank-0\#ChannelRegularConversion,Channel-0\#ChannelRegularConversion,SamplingTime-0\#ChannelRegularConversion,OffsetNumber-0\#ChannelRegularConversion,OffsetSign-0\#ChannelRegularConversion,NbrOfConversionFlag
ADC3.NbrOfConversionFlag=1
ADC3.OffsetNumber-0\#ChannelRegularConversion=ADC_OFFSET_NONE
ADC3.OffsetSign-0\#ChannelRegularConversion=ADC3_OFFSET_SIGN_NEGATIVE
ADC3.Rank-0\#ChannelRegularConversion=1
ADC3.SamplingTime-0\#ChannelRegularConversion=ADC3_SAMPLETIME_2CYCLES_5
Bdma.ADC3.0.Direction=DMA_PERIPH_TO_MEMORY
Bdma.ADC3.0.EventEnable=DISABLE
Bdma.ADC3.0.Instance=BDMA_Channel0
Bdma.ADC3.0.MemDataAlignment=DMA_MDATAALIGN_HALFWORD
Bdma.ADC3.0.MemInc=DMA_MINC_ENABLE
Bdma.ADC3.0.Mode=DMA_NORMAL
Bdma.ADC3.0.PeriphDataAlignment=DMA_PDATAALIGN_HALFWORD
Bdma.ADC3.0.PeriphInc=DMA_PINC_DISABLE
Bdma.ADC3.0.Polarity=HAL_DMAMUX_REQ_GEN_RISING
Bdma.ADC3.0.Priority=DMA_PRIORITY_LOW
Bdma.ADC3.0.RequestNumber=1
Bdma.ADC3.0.RequestParameters=Instance,Direction,PeriphInc,MemInc,PeriphDataAlignment,MemDataAlignment,Mode,Priority,SignalID,Polarity,RequestNumber,SyncSignalID,SyncPolarity,SyncEnable,EventEnable,SyncRequestNumber
Bdma.ADC3.0.SignalID=NONE
Bdma.ADC3.0.SyncEnable=DISABLE
Bdma.ADC3.0.SyncPolarity=HAL_DMAMUX_SYNC_NO_EVENT
Bdma.ADC3.0.SyncRequestNumber=1
Bdma.ADC3.0.SyncSignalID=NONE
Bdma.Request0=ADC3
Bdma.RequestsNb=1
CAD.formats=[{"id"\:42,"cad_product"\:"KiCAD v6+","cad_family"\:"KiCAD"}]
CAD.pinconfig=Dual
CAD.provider=
CORTEX_M7.IPParameters=default_mode_Activation
CORTEX_M7.default_mode_Activation=1
DAC1.DAC_Channel-DAC_OUT1=DAC_CHANNEL_1
DAC1.DAC_Channel-DAC_OUT2=DAC_CHANNEL_2
DAC1.IPParameters=DAC_Channel-DAC_OUT1,DAC_Channel-DAC_OUT2
Dma.ADC1.0.Direction=DMA_PERIPH_TO_MEMORY
Dma.ADC1.0.EventEnable=DISABLE
Dma.ADC1.0.FIFOMode=DMA_FIFOMODE_DISABLE
Dma.ADC1.0.Instance=DMA1_Stream0
Dma.ADC1.0.MemDataAlignment=DMA_MDATAALIGN_WORD
Dma.ADC1.0.MemInc=DMA_MINC_ENABLE
Dma.ADC1.0.Mode=DMA_NORMAL
Dma.ADC1.0.PeriphDataAlignment=DMA_PDATAALIGN_WORD
Dma.ADC1.0.PeriphInc=DMA_PINC_DISABLE
Dma.ADC1.0.Polarity=HAL_DMAMUX_REQ_GEN_RISING
Dma.ADC1.0.Priority=DMA_PRIORITY_HIGH
Dma.ADC1.0.RequestNumber=1
Dma.ADC1.0.RequestParameters=Instance,Direction,PeriphInc,MemInc,PeriphDataAlignment,MemDataAlignment,Mode,Priority,FIFOMode,SignalID,Polarity,RequestNumber,SyncSignalID,SyncPolarity,SyncEnable,EventEnable,SyncRequestNumber
Dma.ADC1.0.SignalID=NONE
Dma.ADC1.0.SyncEnable=DISABLE
Dma.ADC1.0.SyncPolarity=HAL_DMAMUX_SYNC_NO_EVENT
Dma.ADC1.0.SyncRequestNumber=1
Dma.ADC1.0.SyncSignalID=NONE
Dma.ADC2.1.Direction=DMA_PERIPH_TO_MEMORY
Dma.ADC2.1.EventEnable=DISABLE
Dma.ADC2.1.FIFOMode=DMA_FIFOMODE_DISABLE
Dma.ADC2.1.Instance=DMA1_Stream1
Dma.ADC2.1.MemDataAlignment=DMA_MDATAALIGN_WORD
Dma.ADC2.1.MemInc=DMA_MINC_ENABLE
Dma.ADC2.1.Mode=DMA_NORMAL
Dma.ADC2.1.PeriphDataAlignment=DMA_PDATAALIGN_WORD
Dma.ADC2.1.PeriphInc=DMA_PINC_DISABLE
Dma.ADC2.1.Polarity=HAL_DMAMUX_REQ_GEN_RISING
Dma.ADC2.1.Priority=DMA_PRIORITY_HIGH
Dma.ADC2.1.RequestNumber=1
Dma.ADC2.1.RequestParameters=Instance,Direction,PeriphInc,MemInc,PeriphDataAlignment,MemDataAlignment,Mode,Priority,FIFOMode,SignalID,Polarity,RequestNumber,SyncSignalID,SyncPolarity,SyncEnable,EventEnable,SyncRequestNumber
Dma.ADC2.1.SignalID=NONE
Dma.ADC2.1.SyncEnable=DISABLE
Dma.ADC2.1.SyncPolarity=HAL_DMAMUX_SYNC_NO_EVENT
Dma.ADC2.1.SyncRequestNumber=1
Dma.ADC2.1.SyncSignalID=NONE
Dma.Request0=ADC1
Dma.Request1=ADC2
Dma.RequestsNb=2
File.Version=6
GPIO.groupedBy=
I2C1.IPParameters=Timing
I2C1.Timing=0x60404E72
I2C2.IPParameters=Timing
I2C2.Timing=0x60404E72
I2C4.IPParameters=Timing
I2C4.Timing=0x60404E72
KeepUserPlacement=false
LTDC.Alpha_L0=255
LTDC.FBStartAdress_L0=0x70000000
LTDC.IPParameters=Layers,WindowX1_L0,WindowY1_L0,PixelFormat_L0,Alpha_L0,FBStartAdress_L0,ImageWidth_L0,ImageHeight_L0
LTDC.ImageHeight_L0=272
LTDC.ImageWidth_L0=480
LTDC.Layers=0
LTDC.PixelFormat_L0=LTDC_PIXEL_FORMAT_RGB888
LTDC.WindowX1_L0=480
LTDC.WindowY1_L0=272
Mcu.CPN=STM32H735IGT6
Mcu.Family=STM32H7
Mcu.IP0=ADC1
Mcu.IP1=ADC2
Mcu.IP10=I2C1
Mcu.IP11=I2C2
Mcu.IP12=I2C4
Mcu.IP13=LTDC
Mcu.IP14=NVIC
Mcu.IP15=OCTOSPI1
Mcu.IP16=OCTOSPI2
Mcu.IP17=RCC
Mcu.IP18=SYS
Mcu.IP19=TIM1
Mcu.IP2=ADC3
Mcu.IP20=TIM23
Mcu.IP21=UART4
Mcu.IP3=BDMA
Mcu.IP4=CORTEX_M7
Mcu.IP5=CRC
Mcu.IP6=DAC1
Mcu.IP7=DEBUG
Mcu.IP8=DMA
Mcu.IP9=DMA2D
Mcu.IPNb=22
Mcu.Name=STM32H735IGTx
Mcu.Package=LQFP176
Mcu.Pin0=PE2
Mcu.Pin1=PE4
Mcu.Pin10=PF7
Mcu.Pin11=PF8
Mcu.Pin12=PF9
Mcu.Pin13=PF10
Mcu.Pin14=PH0-OSC_IN
Mcu.Pin15=PH1-OSC_OUT
Mcu.Pin16=PC0
Mcu.Pin17=PC1
Mcu.Pin18=PC2_C
Mcu.Pin19=PC3_C
Mcu.Pin2=PE5
Mcu.Pin20=PA0
Mcu.Pin21=PA1
Mcu.Pin22=PA2
Mcu.Pin23=PA3
Mcu.Pin24=PA4
Mcu.Pin25=PA5
Mcu.Pin26=PA6
Mcu.Pin27=PA7
Mcu.Pin28=PC4
Mcu.Pin29=PC5
Mcu.Pin3=PE6
Mcu.Pin30=PB0
Mcu.Pin31=PB1
Mcu.Pin32=PB2
Mcu.Pin33=PF11
Mcu.Pin34=PF12
Mcu.Pin35=PF13
Mcu.Pin36=PF14
Mcu.Pin37=PF15
Mcu.Pin38=PG0
Mcu.Pin39=PG1
Mcu.Pin4=PF0
Mcu.Pin40=PE7
Mcu.Pin41=PE8
Mcu.Pin42=PE10
Mcu.Pin43=PE11
Mcu.Pin44=PE12
Mcu.Pin45=PE14
Mcu.Pin46=PB10
Mcu.Pin47=PB11
Mcu.Pin48=PB15
Mcu.Pin49=PD10
Mcu.Pin5=PF1
Mcu.Pin50=PJ11
Mcu.Pin51=PK1
Mcu.Pin52=PG2
Mcu.Pin53=PG3
Mcu.Pin54=PG6
Mcu.Pin55=PC6
Mcu.Pin56=PC9
Mcu.Pin57=PA8
Mcu.Pin58=PA9
Mcu.Pin59=PA10
Mcu.Pin6=PF2
Mcu.Pin60=PA11
Mcu.Pin61=PA13(JTMS/SWDIO)
Mcu.Pin62=PA14(JTCK/SWCLK)
Mcu.Pin63=PA15(JTDI)
Mcu.Pin64=PC11
Mcu.Pin65=PD2
Mcu.Pin66=PG10
Mcu.Pin67=PG11
Mcu.Pin68=PG12
Mcu.Pin69=PG13
Mcu.Pin7=PF3
Mcu.Pin70=PG15
Mcu.Pin71=PB6
Mcu.Pin72=PB7
Mcu.Pin73=VP_CRC_VS_CRC
Mcu.Pin74=VP_DMA2D_VS_DMA2D
Mcu.Pin75=VP_OCTOSPI1_VS_octo
Mcu.Pin76=VP_OCTOSPI2_VS_octo
Mcu.Pin77=VP_SYS_VS_tim6
Mcu.Pin78=VP_TIM1_VS_ClockSourceINT
Mcu.Pin8=PF4
Mcu.Pin9=PF6
Mcu.PinsNb=79
Mcu.ThirdPartyNb=0
Mcu.UserConstants=
Mcu.UserName=STM32H735IGTx
MxCube.Version=6.11.1
MxDb.Version=DB.6.0.111
NVIC.BDMA_Channel0_IRQn=true\:0\:0\:false\:false\:true\:false\:true\:true
NVIC.BusFault_IRQn=true\:0\:0\:false\:false\:true\:false\:false\:false
NVIC.DMA1_Stream0_IRQn=true\:0\:0\:false\:false\:true\:false\:true\:true
NVIC.DMA1_Stream1_IRQn=true\:0\:0\:false\:false\:true\:false\:true\:true
NVIC.DebugMonitor_IRQn=true\:0\:0\:false\:false\:true\:false\:false\:false
NVIC.ForceEnableDMAVector=true
NVIC.HardFault_IRQn=true\:0\:0\:false\:false\:true\:false\:false\:false
NVIC.LTDC_IRQn=true\:0\:0\:false\:false\:true\:true\:true\:true
NVIC.MemoryManagement_IRQn=true\:0\:0\:false\:false\:true\:false\:false\:false
NVIC.NonMaskableInt_IRQn=true\:0\:0\:false\:false\:true\:false\:false\:false
NVIC.PendSV_IRQn=true\:0\:0\:false\:false\:true\:false\:false\:false
NVIC.PriorityGroup=NVIC_PRIORITYGROUP_4
NVIC.SVCall_IRQn=true\:0\:0\:false\:false\:true\:false\:false\:false
NVIC.SysTick_IRQn=true\:15\:0\:false\:false\:true\:false\:true\:false
NVIC.TIM6_DAC_IRQn=true\:15\:0\:false\:false\:true\:false\:true\:true
NVIC.TimeBase=TIM6_DAC_IRQn
NVIC.TimeBaseIP=TIM6
NVIC.UsageFault_IRQn=true\:0\:0\:false\:false\:true\:false\:false\:false
OCTOSPI1.ChipSelectHighTime=2
OCTOSPI1.ClockPrescaler=2
OCTOSPI1.FifoThreshold=4
OCTOSPI1.IPParameters=FifoThreshold,MemoryType,ChipSelectHighTime,ClockPrescaler
OCTOSPI1.MemoryType=HAL_OSPI_MEMTYPE_MACRONIX
OCTOSPI2.AccessTime=6
OCTOSPI2.ChipSelectBoundary=23
OCTOSPI2.ChipSelectHighTime=4
OCTOSPI2.ClockPrescaler=2
OCTOSPI2.DelayBlockBypass=HAL_OSPI_DELAY_BLOCK_USED
OCTOSPI2.DelayHoldQuarterCycle=HAL_OSPI_DHQC_ENABLE
OCTOSPI2.DeviceSize=24
OCTOSPI2.FifoThreshold=4
OCTOSPI2.IPParameters=FifoThreshold,DeviceSize,ChipSelectHighTime,ClockPrescaler,DelayHoldQuarterCycle,ChipSelectBoundary,DelayBlockBypass,Refresh,RWRecoveryTime,AccessTime,WriteZeroLatency,LatencyMode
OCTOSPI2.LatencyMode=HAL_OSPI_FIXED_LATENCY
OCTOSPI2.RWRecoveryTime=3
OCTOSPI2.Refresh=400
OCTOSPI2.WriteZeroLatency=HAL_OSPI_LATENCY_ON_WRITE
PA0.Mode=Asynchronous
PA0.Signal=UART4_TX
PA1.Mode=RGB888
PA1.Signal=LTDC_R2
PA10.Mode=RGB888
PA10.Signal=LTDC_B1
PA11.Mode=RGB888
PA11.Signal=LTDC_R4
PA13(JTMS/SWDIO).Mode=Serial_Wire
PA13(JTMS/SWDIO).Signal=DEBUG_JTMS-SWDIO
PA14(JTCK/SWCLK).Mode=Serial_Wire
PA14(JTCK/SWCLK).Signal=DEBUG_JTCK-SWCLK
PA15(JTDI).Mode=RGB888
PA15(JTDI).Signal=LTDC_B6
PA2.Mode=RGB888
PA2.Signal=LTDC_R1
PA3.Mode=RGB888
PA3.Signal=LTDC_B5
PA4.Signal=COMP_DAC11_group
PA5.Signal=COMP_DAC12_group
PA6.Mode=OCTOSPI1_IOL_Port1L
PA6.Signal=OCTOSPIM_P1_IO3
PA7.Mode=RGB888
PA7.Signal=LTDC_VSYNC
PA8.Locked=true
PA8.Mode=RGB888
PA8.Signal=LTDC_B3
PA9.Mode=RGB888
PA9.Signal=LTDC_R5
PB0.Mode=RGB888
PB0.Signal=LTDC_R3
PB1.Mode=RGB888
PB1.Signal=LTDC_R6
PB10.Mode=I2C
PB10.Signal=I2C2_SCL
PB11.Mode=I2C
PB11.Signal=I2C2_SDA
PB15.Mode=RGB888
PB15.Signal=LTDC_G7
PB2.Mode=O1_P1_CLK
PB2.Signal=OCTOSPIM_P1_CLK
PB6.Mode=I2C
PB6.Signal=I2C1_SCL
PB7.Mode=I2C
PB7.Signal=I2C1_SDA
PC0.Mode=RGB888
PC0.Signal=LTDC_G2
PC1.Mode=RGB888
PC1.Signal=LTDC_G5
PC11.Mode=Asynchronous
PC11.Signal=UART4_RX
PC2_C.Mode=IN0-Single-Ended
PC2_C.Signal=ADC3_INP0
PC3_C.Mode=OCTOSPI1_IOH_Port1H
PC3_C.Signal=OCTOSPIM_P1_IO6
PC4.Mode=RGB888
PC4.Signal=LTDC_R7
PC5.Mode=OCTOSPI1_Port1_DQS
PC5.Signal=OCTOSPIM_P1_DQS
PC6.Mode=RGB888
PC6.Signal=LTDC_HSYNC
PC9.Mode=RGB888
PC9.Signal=LTDC_B2
PD10.Locked=true
PD10.Signal=GPIO_Output
PD2.Mode=RGB888
PD2.Signal=LTDC_B7
PE10.Mode=OCTOSPI1_IOH_Port1H
PE10.Signal=OCTOSPIM_P1_IO7
PE11.Mode=RGB888
PE11.Signal=LTDC_G3
PE12.Mode=RGB888
PE12.Signal=LTDC_B4
PE14.Mode=RGB888
PE14.Signal=LTDC_CLK
PE2.Mode=OCTOSPI1_IOL_Port1L
PE2.Signal=OCTOSPIM_P1_IO2
PE4.Mode=RGB888
PE4.Signal=LTDC_B0
PE5.Mode=RGB888
PE5.Signal=LTDC_G0
PE6.Mode=RGB888
PE6.Signal=LTDC_G1
PE7.Mode=OCTOSPI1_IOH_Port1H
PE7.Signal=OCTOSPIM_P1_IO4
PE8.Mode=OCTOSPI1_IOH_Port1H
PE8.Signal=OCTOSPIM_P1_IO5
PF0.Mode=OCTOSPI2_IOL_Port2L
PF0.Signal=OCTOSPIM_P2_IO0
PF1.Mode=OCTOSPI2_IOL_Port2L
PF1.Signal=OCTOSPIM_P2_IO1
PF10.Mode=RGB888
PF10.Signal=LTDC_DE
PF11.Mode=IN2-Single-Ended
PF11.Signal=ADC1_INP2
PF12.Mode=OCTOSPI2_Port2_DQS
PF12.Signal=OCTOSPIM_P2_DQS
PF13.Mode=IN2-Single-Ended
PF13.Signal=ADC2_INP2
PF14.Mode=I2C
PF14.Signal=I2C4_SCL
PF15.Mode=I2C
PF15.Signal=I2C4_SDA
PF2.Mode=OCTOSPI2_IOL_Port2L
PF2.Signal=OCTOSPIM_P2_IO2
PF3.Mode=OCTOSPI2_IOL_Port2L
PF3.Signal=OCTOSPIM_P2_IO3
PF4.Mode=O2_P2_CLK
PF4.Signal=OCTOSPIM_P2_CLK
PF6.Mode=Encoder_Interface
PF6.Signal=TIM23_CH1
PF7.Signal=S_TIM23_CH2
PF8.Mode=OCTOSPI1_IOL_Port1L
PF8.Signal=OCTOSPIM_P1_IO0
PF9.Mode=OCTOSPI1_IOL_Port1L
PF9.Signal=OCTOSPIM_P1_IO1
PG0.Mode=OCTOSPI2_IOH_Port2H
PG0.Signal=OCTOSPIM_P2_IO4
PG1.Mode=OCTOSPI2_IOH_Port2H
PG1.Signal=OCTOSPIM_P2_IO5
PG10.Mode=OCTOSPI2_IOH_Port2H
PG10.Signal=OCTOSPIM_P2_IO6
PG11.Mode=OCTOSPI2_IOH_Port2H
PG11.Signal=OCTOSPIM_P2_IO7
PG12.Mode=OCTOSPI2_Port2_NCS
PG12.Signal=OCTOSPIM_P2_NCS
PG13.Mode=RGB888
PG13.Signal=LTDC_R0
PG15.Locked=true
PG15.Signal=GPIO_Output
PG2.Locked=true
PG2.Signal=GPXTI2
PG3.Locked=true
PG3.Signal=GPIO_Output
PG6.Mode=OCTOSPI1_Port1_NCS
PG6.Signal=OCTOSPIM_P1_NCS
PH0-OSC_IN.Mode=HSE-External-Oscillator
PH0-OSC_IN.Signal=RCC_OSC_IN
PH1-OSC_OUT.Mode=HSE-External-Oscillator
PH1-OSC_OUT.Signal=RCC_OSC_OUT
PJ11.Mode=RGB888
PJ11.Signal=LTDC_G4
PK1.Mode=RGB888
PK1.Signal=LTDC_G6
PinOutPanel.RotationAngle=0
ProjectManager.AskForMigrate=true
ProjectManager.BackupPrevious=false
ProjectManager.CompilerOptimize=6
ProjectManager.ComputerToolchain=false
ProjectManager.CoupleFile=false
ProjectManager.CustomerFirmwarePackage=
ProjectManager.DefaultFWLocation=true
ProjectManager.DeletePrevious=true
ProjectManager.DeviceId=STM32H735IGTx
ProjectManager.FirmwarePackage=STM32Cube FW_H7 V1.11.2
ProjectManager.FreePins=false
ProjectManager.HalAssertFull=false
ProjectManager.HeapSize=0x200
ProjectManager.KeepUserCode=true
ProjectManager.LastFirmware=true
ProjectManager.LibraryCopy=1
ProjectManager.MainLocation=Core/Src
ProjectManager.NoMain=false
ProjectManager.PreviousToolchain=STM32CubeIDE
ProjectManager.ProjectBuild=false
ProjectManager.ProjectFileName=CustomSTM32H735.ioc
ProjectManager.ProjectName=CustomSTM32H735
ProjectManager.ProjectStructure=
ProjectManager.RegisterCallBack=
ProjectManager.StackSize=0x400
ProjectManager.TargetToolchain=STM32CubeIDE
ProjectManager.ToolChainLocation=
ProjectManager.UAScriptAfterPath=
ProjectManager.UAScriptBeforePath=
ProjectManager.UnderRoot=true
ProjectManager.functionlistsort=1-SystemClock_Config-RCC-false-HAL-false,2-MX_GPIO_Init-GPIO-false-HAL-true,3-MX_DMA_Init-DMA-false-HAL-true,5-MX_BDMA_Init-BDMA-false-HAL-true,6-MX_DAC1_Init-DAC1-false-HAL-true,7-MX_I2C1_Init-I2C1-false-HAL-true,8-MX_I2C4_Init-I2C4-false-HAL-true,9-MX_OCTOSPI1_Init-OCTOSPI1-false-HAL-true,10-MX_OCTOSPI2_Init-OCTOSPI2-false-HAL-true,11-MX_TIM1_Init-TIM1-false-HAL-true,12-MX_TIM23_Init-TIM23-false-HAL-true,13-MX_UART4_Init-UART4-false-HAL-true,14-MX_ADC1_Init-ADC1-false-HAL-true,15-MX_CRC_Init-CRC-false-HAL-true,16-MX_DMA2D_Init-DMA2D-false-HAL-true,17-MX_ADC2_Init-ADC2-false-HAL-true,18-MX_LTDC_Init-LTDC-false-HAL-true,19-MX_ADC3_Init-ADC3-false-HAL-true,0-MX_CORTEX_M7_Init-CORTEX_M7-false-HAL-true
RCC.ADCCLockSelection=RCC_ADCCLKSOURCE_CLKP
RCC.ADCFreq_Value=64000000
RCC.AHB12Freq_Value=275000000
RCC.AHB4Freq_Value=275000000
RCC.APB1Freq_Value=137500000
RCC.APB2Freq_Value=137500000
RCC.APB3Freq_Value=137500000
RCC.APB4Freq_Value=137500000
RCC.AXIClockFreq_Value=275000000
RCC.CECFreq_Value=32000
RCC.CKPERFreq_Value=64000000
RCC.CortexFreq_Value=550000000
RCC.CpuClockFreq_Value=550000000
RCC.D1CPREFreq_Value=550000000
RCC.D1PPRE=RCC_APB3_DIV2
RCC.D2PPRE1=RCC_APB1_DIV2
RCC.D2PPRE2=RCC_APB2_DIV2
RCC.D3PPRE=RCC_APB4_DIV2
RCC.DFSDMACLkFreq_Value=275000000
RCC.DFSDMFreq_Value=137500000
RCC.DIVM1=2
RCC.DIVM2=5
RCC.DIVM3=25
RCC.DIVN1=44
RCC.DIVN2=80
RCC.DIVN3=288
RCC.DIVP1=1
RCC.DIVP1Freq_Value=550000000
RCC.DIVP2Freq_Value=200000000
RCC.DIVP3Freq_Value=144000000
RCC.DIVQ1Freq_Value=275000000
RCC.DIVQ2Freq_Value=200000000
RCC.DIVQ3Freq_Value=144000000
RCC.DIVR1Freq_Value=275000000
RCC.DIVR2Freq_Value=200000000
RCC.DIVR3=30
RCC.DIVR3Freq_Value=9600000
RCC.FDCANFreq_Value=275000000
RCC.FMCFreq_Value=275000000
RCC.FamilyName=M
RCC.HCLK3ClockFreq_Value=275000000
RCC.HCLKFreq_Value=275000000
RCC.HPRE=RCC_HCLK_DIV2
RCC.I2C123Freq_Value=137500000
RCC.I2C4Freq_Value=137500000
RCC.IPParameters=ADCCLockSelection,ADCFreq_Value,AHB12Freq_Value,AHB4Freq_Value,APB1Freq_Value,APB2Freq_Value,APB3Freq_Value,APB4Freq_Value,AXIClockFreq_Value,CECFreq_Value,CKPERFreq_Value,CortexFreq_Value,CpuClockFreq_Value,D1CPREFreq_Value,D1PPRE,D2PPRE1,D2PPRE2,D3PPRE,DFSDMACLkFreq_Value,DFSDMFreq_Value,DIVM1,DIVM2,DIVM3,DIVN1,DIVN2,DIVN3,DIVP1,DIVP1Freq_Value,DIVP2Freq_Value,DIVP3Freq_Value,DIVQ1Freq_Value,DIVQ2Freq_Value,DIVQ3Freq_Value,DIVR1Freq_Value,DIVR2Freq_Value,DIVR3,DIVR3Freq_Value,FDCANFreq_Value,FMCFreq_Value,FamilyName,HCLK3ClockFreq_Value,HCLKFreq_Value,HPRE,I2C123Freq_Value,I2C4Freq_Value,LPTIM1Freq_Value,LPTIM2Freq_Value,LPTIM345Freq_Value,LPUART1Freq_Value,LTDCFreq_Value,MCO1PinFreq_Value,MCO2PinFreq_Value,PLL2FRACN,PLL3FRACN,PLLFRACN,PLLSourceVirtual,QSPICLockSelection,QSPIFreq_Value,RNGFreq_Value,RTCFreq_Value,SAI1Freq_Value,SAI4AFreq_Value,SAI4BFreq_Value,SDMMCFreq_Value,SPDIFRXFreq_Value,SPI123Freq_Value,SPI45Freq_Value,SPI6Freq_Value,SWPMI1Freq_Value,SYSCLKFreq_VALUE,SYSCLKSource,Tim1OutputFreq_Value,Tim2OutputFreq_Value,TraceFreq_Value,USART16Freq_Value,USART234578Freq_Value,USBFreq_Value,VCO1OutputFreq_Value,VCO2OutputFreq_Value,VCO3OutputFreq_Value,VCOInput1Freq_Value,VCOInput2Freq_Value,VCOInput3Freq_Value
RCC.LPTIM1Freq_Value=137500000
RCC.LPTIM2Freq_Value=137500000
RCC.LPTIM345Freq_Value=137500000
RCC.LPUART1Freq_Value=137500000
RCC.LTDCFreq_Value=9600000
RCC.MCO1PinFreq_Value=64000000
RCC.MCO2PinFreq_Value=550000000
RCC.PLL2FRACN=0
RCC.PLL3FRACN=0
RCC.PLLFRACN=0
RCC.PLLSourceVirtual=RCC_PLLSOURCE_HSE
RCC.QSPICLockSelection=RCC_OSPICLKSOURCE_PLL2
RCC.QSPIFreq_Value=200000000
RCC.RNGFreq_Value=48000000
RCC.RTCFreq_Value=32000
RCC.SAI1Freq_Value=275000000
RCC.SAI4AFreq_Value=275000000
RCC.SAI4BFreq_Value=275000000
RCC.SDMMCFreq_Value=275000000
RCC.SPDIFRXFreq_Value=275000000
RCC.SPI123Freq_Value=275000000
RCC.SPI45Freq_Value=137500000
RCC.SPI6Freq_Value=137500000
RCC.SWPMI1Freq_Value=137500000
RCC.SYSCLKFreq_VALUE=550000000
RCC.SYSCLKSource=RCC_SYSCLKSOURCE_PLLCLK
RCC.Tim1OutputFreq_Value=275000000
RCC.Tim2OutputFreq_Value=275000000
RCC.TraceFreq_Value=275000000
RCC.USART16Freq_Value=137500000
RCC.USART234578Freq_Value=137500000
RCC.USBFreq_Value=275000000
RCC.VCO1OutputFreq_Value=550000000
RCC.VCO2OutputFreq_Value=400000000
RCC.VCO3OutputFreq_Value=288000000
RCC.VCOInput1Freq_Value=12500000
RCC.VCOInput2Freq_Value=5000000
RCC.VCOInput3Freq_Value=1000000
SH.COMP_DAC11_group.0=DAC1_OUT1,DAC_OUT1
SH.COMP_DAC11_group.ConfNb=1
SH.COMP_DAC12_group.0=DAC1_OUT2,DAC_OUT2
SH.COMP_DAC12_group.ConfNb=1
SH.GPXTI2.0=GPIO_EXTI2
SH.GPXTI2.ConfNb=1
SH.S_TIM23_CH2.0=TIM23_CH2,Encoder_Interface
SH.S_TIM23_CH2.ConfNb=1
TIM1.AutoReloadPreload=TIM_AUTORELOAD_PRELOAD_ENABLE
TIM1.IPParameters=Prescaler,Period,AutoReloadPreload,TIM_MasterOutputTrigger
TIM1.Period=10-1
TIM1.Prescaler=275-1
TIM1.TIM_MasterOutputTrigger=TIM_TRGO_UPDATE
TIM23.EncoderMode=TIM_ENCODERMODE_TI12
TIM23.IC1Filter=10
TIM23.IC2Filter=10
TIM23.IPParameters=Period,EncoderMode,IC1Filter,IC2Filter
TIM23.Period=400000
VP_CRC_VS_CRC.Mode=CRC_Activate
VP_CRC_VS_CRC.Signal=CRC_VS_CRC
VP_DMA2D_VS_DMA2D.Mode=DMA2D_Activate
VP_DMA2D_VS_DMA2D.Signal=DMA2D_VS_DMA2D
VP_OCTOSPI1_VS_octo.Mode=octo_mode
VP_OCTOSPI1_VS_octo.Signal=OCTOSPI1_VS_octo
VP_OCTOSPI2_VS_octo.Mode=hyperbus_mode
VP_OCTOSPI2_VS_octo.Signal=OCTOSPI2_VS_octo
VP_SYS_VS_tim6.Mode=TIM6
VP_SYS_VS_tim6.Signal=SYS_VS_tim6
VP_TIM1_VS_ClockSourceINT.Mode=Internal
VP_TIM1_VS_ClockSourceINT.Signal=TIM1_VS_ClockSourceINT
board=custom
