#MicroXplorer Configuration settings - do not modify
ADC1.Channel-2\#ChannelRegularConversion=ADC_CHANNEL_0
ADC1.IPParameters=Rank-2\#ChannelRegularConversion,Channel-2\#ChannelRegularConversion,SamplingTime-2\#ChannelRegularConversion,OffsetNumber-2\#ChannelRegularConversion,OffsetSignedSaturation-2\#ChannelRegularConversion,NbrOfConversionFlag,master
ADC1.NbrOfConversionFlag=1
ADC1.OffsetNumber-2\#ChannelRegularConversion=ADC_OFFSET_NONE
ADC1.OffsetSignedSaturation-2\#ChannelRegularConversion=DISABLE
ADC1.Rank-2\#ChannelRegularConversion=1
ADC1.SamplingTime-2\#ChannelRegularConversion=ADC_SAMPLETIME_1CYCLE_5
ADC1.master=1
ADC2.Channel-2\#ChannelRegularConversion=ADC_CHANNEL_1
ADC2.IPParameters=Rank-2\#ChannelRegularConversion,Channel-2\#ChannelRegularConversion,SamplingTime-2\#ChannelRegularConversion,OffsetNumber-2\#ChannelRegularConversion,OffsetSignedSaturation-2\#ChannelRegularConversion,NbrOfConversionFlag
ADC2.NbrOfConversionFlag=1
ADC2.OffsetNumber-2\#ChannelRegularConversion=ADC_OFFSET_NONE
ADC2.OffsetSignedSaturation-2\#ChannelRegularConversion=DISABLE
ADC2.Rank-2\#ChannelRegularConversion=1
ADC2.SamplingTime-2\#ChannelRegularConversion=ADC_SAMPLETIME_1CYCLE_5
ADC3.Channel-2\#ChannelRegularConversion=ADC_CHANNEL_0
ADC3.IPParameters=Rank-2\#ChannelRegularConversion,Channel-2\#ChannelRegularConversion,SamplingTime-2\#ChannelRegularConversion,OffsetNumber-2\#ChannelRegularConversion,OffsetSign-2\#ChannelRegularConversion,NbrOfConversionFlag
ADC3.NbrOfConversionFlag=1
ADC3.OffsetNumber-2\#ChannelRegularConversion=ADC_OFFSET_NONE
ADC3.OffsetSign-2\#ChannelRegularConversion=ADC3_OFFSET_SIGN_NEGATIVE
ADC3.Rank-2\#ChannelRegularConversion=1
ADC3.SamplingTime-2\#ChannelRegularConversion=ADC3_SAMPLETIME_2CYCLES_5
CAD.formats=[{"id"\:42,"cad_product"\:"KiCAD v6+","cad_family"\:"KiCAD"}]
CAD.pinconfig=Dual
CAD.provider=
CORTEX_M7.CPU_DCache=Enabled
CORTEX_M7.CPU_ICache=Enabled
CORTEX_M7.IPParameters=default_mode_Activation,CPU_ICache,CPU_DCache,MPU_Control
CORTEX_M7.MPU_Control=MPU_PRIVILEGED_DEFAULT
CORTEX_M7.default_mode_Activation=0
CRC.DefaultInitValueUse=DEFAULT_INIT_VALUE_ENABLE
CRC.DefaultPolynomialUse=DEFAULT_POLYNOMIAL_ENABLE
CRC.IPParameters=DefaultPolynomialUse,DefaultInitValueUse,InputDataInversionMode,OutputDataInversionMode,InputDataFormat
CRC.InputDataFormat=CRC_INPUTDATA_FORMAT_BYTES
CRC.InputDataInversionMode=CRC_INPUTDATA_INVERSION_NONE
CRC.OutputDataInversionMode=CRC_OUTPUTDATA_INVERSION_DISABLE
DAC1.DAC_Channel-DAC_OUT1_Int=DAC_CHANNEL_1
DAC1.DAC_Channel-DAC_OUT2=DAC_CHANNEL_2
DAC1.IPParameters=DAC_Channel-DAC_OUT2,DAC_Channel-DAC_OUT1_Int
DMA2D.ColorMode=DMA2D_OUTPUT_RGB888
DMA2D.IPParameters=Mode,ColorMode,OutputOffset
DMA2D.Mode=DMA2D_R2M
DMA2D.OutputOffset=0
FREERTOS.FootprintOK=true
FREERTOS.HEAP_NUMBER=4
FREERTOS.INCLUDE_eTaskGetState=1
FREERTOS.INCLUDE_pcTaskGetTaskName=0
FREERTOS.INCLUDE_uxTaskGetStackHighWaterMark=1
FREERTOS.INCLUDE_uxTaskGetStackHighWaterMark2=0
FREERTOS.INCLUDE_uxTaskPriorityGet=1
FREERTOS.INCLUDE_vTaskCleanUpResources=0
FREERTOS.INCLUDE_vTaskDelay=1
FREERTOS.INCLUDE_vTaskDelayUntil=1
FREERTOS.INCLUDE_vTaskDelete=1
FREERTOS.INCLUDE_vTaskPrioritySet=1
FREERTOS.INCLUDE_vTaskSuspend=1
FREERTOS.INCLUDE_xEventGroupSetBitFromISR=0
FREERTOS.INCLUDE_xQueueGetMutexHolder=1
FREERTOS.INCLUDE_xSemaphoreGetMutexHolder=0
FREERTOS.INCLUDE_xTaskAbortDelay=0
FREERTOS.INCLUDE_xTaskGetCurrentTaskHandle=1
FREERTOS.INCLUDE_xTaskGetHandle=0
FREERTOS.INCLUDE_xTaskGetSchedulerState=1
FREERTOS.INCLUDE_xTaskResumeFromISR=1
FREERTOS.INCLUDE_xTimerPendFunctionCall=1
FREERTOS.IPParameters=Tasks01,FootprintOK,configUSE_IDLE_HOOK,configUSE_APPLICATION_TASK_TAG,configTOTAL_HEAP_SIZE,configUSE_NEWLIB_REENTRANT,configENABLE_FPU,configUSE_PREEMPTION,configTICK_RATE_HZ,configMINIMAL_STACK_SIZE,configMAX_TASK_NAME_LEN,configIDLE_SHOULD_YIELD,configUSE_MUTEXES,configUSE_RECURSIVE_MUTEXES,configUSE_COUNTING_SEMAPHORES,configQUEUE_REGISTRY_SIZE,HEAP_NUMBER,configUSE_TICK_HOOK,configUSE_MALLOC_FAILED_HOOK,configUSE_DAEMON_TASK_STARTUP_HOOK,configCHECK_FOR_STACK_OVERFLOW,configGENERATE_RUN_TIME_STATS,configUSE_TRACE_FACILITY,configUSE_STATS_FORMATTING_FUNCTIONS,configUSE_CO_ROUTINES,configMAX_CO_ROUTINE_PRIORITIES,configTIMER_TASK_PRIORITY,configTIMER_QUEUE_LENGTH,configTIMER_TASK_STACK_DEPTH,configLIBRARY_LOWEST_INTERRUPT_PRIORITY,configLIBRARY_MAX_SYSCALL_INTERRUPT_PRIORITY,INCLUDE_vTaskPrioritySet,INCLUDE_uxTaskPriorityGet,INCLUDE_vTaskDelete,INCLUDE_vTaskCleanUpResources,INCLUDE_vTaskSuspend,INCLUDE_vTaskDelayUntil,INCLUDE_vTaskDelay,INCLUDE_xTaskGetSchedulerState,INCLUDE_xTaskResumeFromISR,INCLUDE_xQueueGetMutexHolder,INCLUDE_xSemaphoreGetMutexHolder,INCLUDE_pcTaskGetTaskName,INCLUDE_uxTaskGetStackHighWaterMark,INCLUDE_xTaskGetCurrentTaskHandle,INCLUDE_eTaskGetState,INCLUDE_xEventGroupSetBitFromISR,INCLUDE_xTimerPendFunctionCall,configENABLE_BACKWARD_COMPATIBILITY,configUSE_TICKLESS_IDLE,configUSE_TASK_NOTIFICATIONS,INCLUDE_xTaskAbortDelay,INCLUDE_xTaskGetHandle,configRECORD_STACK_HIGH_ADDRESS,copyHeapFile,INCLUDE_uxTaskGetStackHighWaterMark2,configUSE_POSIX_ERRNO,configUSE_OS2_THREAD_SUSPEND_RESUME,configUSE_OS2_THREAD_ENUMERATE,configUSE_OS2_EVENTFLAGS_FROM_ISR,configUSE_OS2_THREAD_FLAGS,configUSE_OS2_TIMER,configUSE_OS2_MUTEX
FREERTOS.Tasks01=defaultTask,24,128,StartDefaultTask,Default,NULL,Dynamic,NULL,NULL;TouchGFXTask,24,1024,TouchGFX_Task,As external,NULL,Dynamic,NULL,NULL;videoTask,8,1024,videoTaskFunc,As external,NULL,Dynamic,NULL,NULL
FREERTOS.configCHECK_FOR_STACK_OVERFLOW=0
FREERTOS.configENABLE_BACKWARD_COMPATIBILITY=1
FREERTOS.configENABLE_FPU=0
FREERTOS.configGENERATE_RUN_TIME_STATS=0
FREERTOS.configIDLE_SHOULD_YIELD=1
FREERTOS.configLIBRARY_LOWEST_INTERRUPT_PRIORITY=15
FREERTOS.configLIBRARY_MAX_SYSCALL_INTERRUPT_PRIORITY=5
FREERTOS.configMAX_CO_ROUTINE_PRIORITIES=2
FREERTOS.configMAX_TASK_NAME_LEN=16
FREERTOS.configMINIMAL_STACK_SIZE=128
FREERTOS.configQUEUE_REGISTRY_SIZE=8
FREERTOS.configRECORD_STACK_HIGH_ADDRESS=0
FREERTOS.configTICK_RATE_HZ=1000
FREERTOS.configTIMER_QUEUE_LENGTH=10
FREERTOS.configTIMER_TASK_PRIORITY=2
FREERTOS.configTIMER_TASK_STACK_DEPTH=256
FREERTOS.configTOTAL_HEAP_SIZE=75000
FREERTOS.configUSE_APPLICATION_TASK_TAG=1
FREERTOS.configUSE_COUNTING_SEMAPHORES=1
FREERTOS.configUSE_CO_ROUTINES=0
FREERTOS.configUSE_DAEMON_TASK_STARTUP_HOOK=0
FREERTOS.configUSE_IDLE_HOOK=1
FREERTOS.configUSE_MALLOC_FAILED_HOOK=0
FREERTOS.configUSE_MUTEXES=1
FREERTOS.configUSE_NEWLIB_REENTRANT=1
FREERTOS.configUSE_OS2_EVENTFLAGS_FROM_ISR=1
FREERTOS.configUSE_OS2_MUTEX=1
FREERTOS.configUSE_OS2_THREAD_ENUMERATE=1
FREERTOS.configUSE_OS2_THREAD_FLAGS=1
FREERTOS.configUSE_OS2_THREAD_SUSPEND_RESUME=1
FREERTOS.configUSE_OS2_TIMER=1
FREERTOS.configUSE_POSIX_ERRNO=0
FREERTOS.configUSE_PREEMPTION=1
FREERTOS.configUSE_RECURSIVE_MUTEXES=1
FREERTOS.configUSE_STATS_FORMATTING_FUNCTIONS=0
FREERTOS.configUSE_TASK_NOTIFICATIONS=1
FREERTOS.configUSE_TICKLESS_IDLE=0
FREERTOS.configUSE_TICK_HOOK=0
FREERTOS.configUSE_TRACE_FACILITY=1
FREERTOS.copyHeapFile=1
File.Version=6
GPIO.groupedBy=Group By Peripherals
I2C2.IPParameters=Timing
I2C2.Timing=0x60404E72
I2C3.IPParameters=Timing
I2C3.Timing=0x60404E72
I2C4.IPParameters=Timing
I2C4.Timing=0x60404E72
KeepUserPlacement=true
LIBJPEG.BITS_IN_JSAMPLE=8
LIBJPEG.BLOCK_SMOOTHING_SUPPORTED=define
LIBJPEG.C_ARITH_CODING_SUPPORTED=define
LIBJPEG.C_MULTISCAN_FILES_SUPPORTED=define
LIBJPEG.C_PROGRESSIVE_SUPPORTED=define
LIBJPEG.DCT_FLOAT_SUPPORTED=define
LIBJPEG.DCT_IFAST_SUPPORTED=define
LIBJPEG.DCT_ISLOW_SUPPORTED=define
LIBJPEG.DCT_SCALING_SUPPORTED=define
LIBJPEG.D_ARITH_CODING_SUPPORTED=define
LIBJPEG.D_MULTISCAN_FILES_SUPPORTED=define
LIBJPEG.D_PROGRESSIVE_SUPPORTED=define
LIBJPEG.ENTROPY_OPT_SUPPORTED=define
LIBJPEG.HAVE_BOOLEAN=Undefined
LIBJPEG.IDCT_SCALING_SUPPORTED=define
LIBJPEG.INPUT_SMOOTHING_SUPPORTED=define
LIBJPEG.IPParameters=RGB_ORDERING,LIBJPEG_FS_type,HAVE_BOOLEAN,LIBJPEG_with_FREERTOS,BITS_IN_JSAMPLE,MAX_COMPONENTS,JCOEF,DCT_ISLOW_SUPPORTED,DCT_IFAST_SUPPORTED,DCT_FLOAT_SUPPORTED,C_ARITH_CODING_SUPPORTED,C_MULTISCAN_FILES_SUPPORTED,C_PROGRESSIVE_SUPPORTED,DCT_SCALING_SUPPORTED,ENTROPY_OPT_SUPPORTED,INPUT_SMOOTHING_SUPPORTED,D_ARITH_CODING_SUPPORTED,D_MULTISCAN_FILES_SUPPORTED,D_PROGRESSIVE_SUPPORTED,IDCT_SCALING_SUPPORTED,SAVE_MARKERS_SUPPORTED,BLOCK_SMOOTHING_SUPPORTED,UPSAMPLE_SCALING_SUPPORTED,UPSAMPLE_MERGING_SUPPORTED,QUANT_1PASS_SUPPORTED,QUANT_2PASS_SUPPORTED,RGB_PIXELSIZE
LIBJPEG.JCOEF=short
LIBJPEG.LIBJPEG_FS_type=Stdio
LIBJPEG.LIBJPEG_with_FREERTOS=1
LIBJPEG.MAX_COMPONENTS=10
LIBJPEG.QUANT_1PASS_SUPPORTED=define
LIBJPEG.QUANT_2PASS_SUPPORTED=define
LIBJPEG.RGB_ORDERING=BGR
LIBJPEG.RGB_PIXELSIZE=3
LIBJPEG.SAVE_MARKERS_SUPPORTED=define
LIBJPEG.UPSAMPLE_MERGING_SUPPORTED=define
LIBJPEG.UPSAMPLE_SCALING_SUPPORTED=undef
LTDC.ActiveH=272
LTDC.ActiveW=480
LTDC.Alpha_L0=255
LTDC.FBStartAdress_L0=0x70000000
LTDC.HBP=13
LTDC.HFP=32
LTDC.HSync=41
LTDC.IPParameters=HSync,HBP,ActiveW,HFP,VSync,ActiveH,Layers,WindowX1_L0,WindowY1_L0,PixelFormat_L0,Alpha_L0,FBStartAdress_L0,ImageWidth_L0,ImageHeight_L0
LTDC.ImageHeight_L0=272
LTDC.ImageWidth_L0=480
LTDC.Layers=0
LTDC.PixelFormat_L0=LTDC_PIXEL_FORMAT_RGB888
LTDC.VSync=10
LTDC.WindowX1_L0=480
LTDC.WindowY1_L0=272
MMTAppReg1.MEMORYMAP.AppRegionName=DTCMRAM
MMTAppReg1.MEMORYMAP.ContextName=Cortex-M7NS
MMTAppReg1.MEMORYMAP.CoreName=Arm Cortex-M7
MMTAppReg1.MEMORYMAP.IPParameters=StartAddress,Size,CoreName,ContextName,Name
MMTAppReg1.MEMORYMAP.Name=DTCMRAM
MMTAppReg1.MEMORYMAP.Size=131072
MMTAppReg1.MEMORYMAP.StartAddress=0x20000000
MMTAppReg2.MEMORYMAP.AppRegionName=RAM
MMTAppReg2.MEMORYMAP.ContextName=Cortex-M7NS
MMTAppReg2.MEMORYMAP.CoreName=Arm Cortex-M7
MMTAppReg2.MEMORYMAP.DefaultDataRegion=true
MMTAppReg2.MEMORYMAP.IPParameters=StartAddress,Size,CoreName,ContextName,Name,DefaultDataRegion
MMTAppReg2.MEMORYMAP.Name=RAM
MMTAppReg2.MEMORYMAP.Size=131072
MMTAppReg2.MEMORYMAP.StartAddress=0x24000000
MMTAppRegionsCount=2
MMTConfigApplied=false
Mcu.CPN=STM32H735IGK6
Mcu.Family=STM32H7
Mcu.IP0=ADC1
Mcu.IP1=ADC2
Mcu.IP10=I2C3
Mcu.IP11=I2C4
Mcu.IP12=LIBJPEG
Mcu.IP13=LTDC
Mcu.IP14=MEMORYMAP
Mcu.IP15=NVIC
Mcu.IP16=OCTOSPI1
Mcu.IP17=OCTOSPI2
Mcu.IP18=OPAMP1
Mcu.IP19=RCC
Mcu.IP2=ADC3
Mcu.IP20=SYS
Mcu.IP21=TIM2
Mcu.IP22=TIM23
Mcu.IP23=UART4
Mcu.IP24=VREFBUF
Mcu.IP3=CORTEX_M7
Mcu.IP4=CRC
Mcu.IP5=DAC1
Mcu.IP6=DEBUG
Mcu.IP7=DMA2D
Mcu.IP8=FREERTOS
Mcu.IP9=I2C2
Mcu.IPNb=25
Mcu.Name=STM32H735IGKx
Mcu.Package=UFBGA176
Mcu.Pin0=PB8
Mcu.Pin1=PB3(JTDO/TRACESWO)
Mcu.Pin10=PE0
Mcu.Pin11=PG13
Mcu.Pin12=PD7
Mcu.Pin13=PD5
Mcu.Pin14=PH14
Mcu.Pin15=PA13(JTMS/SWDIO)
Mcu.Pin16=PA8
Mcu.Pin17=PA12
Mcu.Pin18=PC13
Mcu.Pin19=PE2
Mcu.Pin2=PG11
Mcu.Pin20=PE1
Mcu.Pin21=PG14
Mcu.Pin22=PG10
Mcu.Pin23=PD4
Mcu.Pin24=PD0
Mcu.Pin25=PG15
Mcu.Pin26=PG12
Mcu.Pin27=PD6
Mcu.Pin28=PH15
Mcu.Pin29=PC7
Mcu.Pin3=PG9
Mcu.Pin30=PC9
Mcu.Pin31=PC6
Mcu.Pin32=PF1
Mcu.Pin33=PF0
Mcu.Pin34=PG6
Mcu.Pin35=PG5
Mcu.Pin36=PF2
Mcu.Pin37=PG7
Mcu.Pin38=PG2
Mcu.Pin39=PF6
Mcu.Pin4=PD3
Mcu.Pin40=PF4
Mcu.Pin41=PF3
Mcu.Pin42=PG3
Mcu.Pin43=PD13
Mcu.Pin44=PH0-OSC_IN
Mcu.Pin45=PD11
Mcu.Pin46=PD12
Mcu.Pin47=PH1-OSC_OUT
Mcu.Pin48=PF10
Mcu.Pin49=PB15
Mcu.Pin5=PD1
Mcu.Pin50=PB14
Mcu.Pin51=PD10
Mcu.Pin52=PB13
Mcu.Pin53=PB1
Mcu.Pin54=PH7
Mcu.Pin55=PH11
Mcu.Pin56=PH9
Mcu.Pin57=PB12
Mcu.Pin58=PC2_C
Mcu.Pin59=PA3
Mcu.Pin6=PA15(JTDI)
Mcu.Pin60=PG1
Mcu.Pin61=PF15
Mcu.Pin62=PB10
Mcu.Pin63=PH8
Mcu.Pin64=PH10
Mcu.Pin65=PH12
Mcu.Pin66=PA0
Mcu.Pin67=PA1_C
Mcu.Pin68=PH4
Mcu.Pin69=PA4
Mcu.Pin7=PA14(JTCK/SWCLK)
Mcu.Pin70=PA5
Mcu.Pin71=PB2
Mcu.Pin72=PG0
Mcu.Pin73=PB11
Mcu.Pin74=PF12
Mcu.Pin75=PE12
Mcu.Pin76=PE13
Mcu.Pin77=PE15
Mcu.Pin78=PH6
Mcu.Pin79=PA0_C
Mcu.Pin8=PE4
Mcu.Pin80=PH3
Mcu.Pin81=PC4
Mcu.Pin82=PA6
Mcu.Pin83=PB0
Mcu.Pin84=PF14
Mcu.Pin85=PE11
Mcu.Pin86=VP_CRC_VS_CRC
Mcu.Pin87=VP_DAC1_VS_DACI1
Mcu.Pin88=VP_DMA2D_VS_DMA2D
Mcu.Pin89=VP_FREERTOS_VS_CMSIS_V2
Mcu.Pin9=PB9
Mcu.Pin90=VP_LIBJPEG_VS_JPEGLIB
Mcu.Pin91=VP_OCTOSPI1_VS_octo
Mcu.Pin92=VP_OCTOSPI2_VS_octo
Mcu.Pin93=VP_SYS_VS_tim6
Mcu.Pin94=VP_VREFBUF_V_VREFBUF
Mcu.Pin95=VP_MEMORYMAP_VS_MEMORYMAP
Mcu.Pin96=VP_STMicroelectronics.X-CUBE-TOUCHGFX_VS_GraphicsJjApplication_4.24.0
Mcu.PinsNb=97
Mcu.ThirdParty0=STMicroelectronics.X-CUBE-TOUCHGFX.4.24.0
Mcu.ThirdPartyNb=1
Mcu.UserConstants=
Mcu.UserName=STM32H735IGKx
MxCube.Version=6.12.0
MxDb.Version=DB.6.0.120
NVIC.BusFault_IRQn=true\:0\:0\:false\:false\:true\:false\:false\:false\:false
NVIC.DMA2D_IRQn=true\:5\:0\:true\:false\:true\:false\:true\:true\:true
NVIC.DebugMonitor_IRQn=true\:0\:0\:false\:false\:true\:false\:false\:false\:false
NVIC.ForceEnableDMAVector=true
NVIC.HardFault_IRQn=true\:0\:0\:false\:false\:true\:false\:false\:false\:false
NVIC.MemoryManagement_IRQn=true\:0\:0\:false\:false\:true\:false\:false\:false\:false
NVIC.NonMaskableInt_IRQn=true\:0\:0\:false\:false\:true\:false\:false\:false\:false
NVIC.PendSV_IRQn=true\:15\:0\:false\:false\:false\:true\:false\:false\:false
NVIC.PriorityGroup=NVIC_PRIORITYGROUP_4
NVIC.SVCall_IRQn=true\:0\:0\:false\:false\:false\:false\:false\:false\:false
NVIC.SavedPendsvIrqHandlerGenerated=true
NVIC.SavedSvcallIrqHandlerGenerated=true
NVIC.SavedSystickIrqHandlerGenerated=true
NVIC.SysTick_IRQn=true\:15\:0\:false\:false\:false\:true\:true\:true\:false
NVIC.TIM6_DAC_IRQn=true\:15\:0\:false\:false\:true\:false\:true\:true\:true
NVIC.TimeBase=TIM6_DAC_IRQn
NVIC.TimeBaseIP=TIM6
NVIC.UsageFault_IRQn=true\:0\:0\:false\:false\:true\:false\:false\:false\:false
OCTOSPI1.ChipSelectBoundary=0
OCTOSPI1.ChipSelectHighTime=2
OCTOSPI1.ClockMode=HAL_OSPI_CLOCK_MODE_0
OCTOSPI1.ClockPrescaler=2
OCTOSPI1.DelayBlockBypass=HAL_OSPI_DELAY_BLOCK_BYPASSED
OCTOSPI1.DelayHoldQuarterCycle=HAL_OSPI_DHQC_DISABLE
OCTOSPI1.DeviceSize=32
OCTOSPI1.DeviceType=SPI_DEVICE_0
OCTOSPI1.DualQuad=HAL_OSPI_DUALQUAD_DISABLE
OCTOSPI1.FifoThreshold=4
OCTOSPI1.FreeRunningClock=HAL_OSPI_FREERUNCLK_DISABLE
OCTOSPI1.IPParameters=FifoThreshold,DualQuad,MemoryType,DeviceSize,DeviceType,ChipSelectHighTime,FreeRunningClock,ClockMode,WrapSize,ClockPrescaler,SampleShifting,DelayHoldQuarterCycle,ChipSelectBoundary,DelayBlockBypass,MaxTran,Refresh
OCTOSPI1.MaxTran=0
OCTOSPI1.MemoryType=HAL_OSPI_MEMTYPE_MACRONIX
OCTOSPI1.Refresh=0
OCTOSPI1.SampleShifting=HAL_OSPI_SAMPLE_SHIFTING_NONE
OCTOSPI1.WrapSize=HAL_OSPI_WRAP_NOT_SUPPORTED
OCTOSPI2.AccessTime=6
OCTOSPI2.ChipSelectBoundary=23
OCTOSPI2.ChipSelectHighTime=4
OCTOSPI2.ClockMode=HAL_OSPI_CLOCK_MODE_0
OCTOSPI2.ClockPrescaler=2
OCTOSPI2.DelayBlockBypass=HAL_OSPI_DELAY_BLOCK_USED
OCTOSPI2.DelayHoldQuarterCycle=HAL_OSPI_DHQC_ENABLE
OCTOSPI2.DeviceSize=24
OCTOSPI2.DeviceType=SPI_DEVICE_0
OCTOSPI2.DualQuad=HAL_OSPI_DUALQUAD_DISABLE
OCTOSPI2.FifoThreshold=4
OCTOSPI2.FreeRunningClock=HAL_OSPI_FREERUNCLK_DISABLE
OCTOSPI2.IPParameters=FifoThreshold,DualQuad,MemoryType,DeviceSize,DeviceType,ChipSelectHighTime,FreeRunningClock,ClockMode,WrapSize,ClockPrescaler,SampleShifting,DelayHoldQuarterCycle,ChipSelectBoundary,DelayBlockBypass,MaxTran,Refresh,RWRecoveryTime,AccessTime,WriteZeroLatency,LatencyMode
OCTOSPI2.LatencyMode=HAL_OSPI_FIXED_LATENCY
OCTOSPI2.MaxTran=0
OCTOSPI2.MemoryType=HAL_OSPI_MEMTYPE_HYPERBUS
OCTOSPI2.RWRecoveryTime=3
OCTOSPI2.Refresh=400
OCTOSPI2.SampleShifting=HAL_OSPI_SAMPLE_SHIFTING_NONE
OCTOSPI2.WrapSize=HAL_OSPI_WRAP_NOT_SUPPORTED
OCTOSPI2.WriteZeroLatency=HAL_OSPI_LATENCY_ON_WRITE
PA0.GPIOParameters=GPIO_Speed,GPIO_Label
PA0.GPIO_Label=VSYNC_FREQ
PA0.GPIO_Speed=GPIO_SPEED_FREQ_VERY_HIGH
PA0.Locked=true
PA0.Signal=GPIO_Output
PA0_C.Locked=true
PA0_C.Signal=ADCx_INP0
PA12.GPIOParameters=GPIO_Label
PA12.GPIO_Label=LSBUSB
PA12.Locked=true
PA12.Signal=GPIO_Output
PA13(JTMS/SWDIO).Locked=true
PA13(JTMS/SWDIO).Mode=Serial_Wire
PA13(JTMS/SWDIO).Signal=DEBUG_JTMS-SWDIO
PA14(JTCK/SWCLK).Locked=true
PA14(JTCK/SWCLK).Mode=Serial_Wire
PA14(JTCK/SWCLK).Signal=DEBUG_JTCK-SWCLK
PA15(JTDI).Locked=true
PA15(JTDI).Signal=S_TIM2_CH1_ETR
PA1_C.Locked=true
PA1_C.Signal=ADCx_INP1
PA3.GPIOParameters=GPIO_Speed
PA3.GPIO_Speed=GPIO_SPEED_FREQ_VERY_HIGH
PA3.Locked=true
PA3.Mode=RGB888
PA3.Signal=LTDC_B5
PA4.GPIOParameters=GPIO_Speed
PA4.GPIO_Speed=GPIO_SPEED_FREQ_VERY_HIGH
PA4.Locked=true
PA4.Mode=RGB888
PA4.Signal=LTDC_VSYNC
PA5.Locked=true
PA5.Signal=COMP_DAC12_group
PA6.GPIOParameters=GPIO_Speed
PA6.GPIO_Speed=GPIO_SPEED_FREQ_VERY_HIGH
PA6.Locked=true
PA6.Mode=RGB888
PA6.Signal=LTDC_G2
PA8.GPIOParameters=GPIO_Speed
PA8.GPIO_Speed=GPIO_SPEED_FREQ_VERY_HIGH
PA8.Locked=true
PA8.Mode=RGB888
PA8.Signal=LTDC_B3
PB0.GPIOParameters=GPIO_Speed
PB0.GPIO_Speed=GPIO_SPEED_FREQ_VERY_HIGH
PB0.Locked=true
PB0.Mode=RGB888
PB0.Signal=LTDC_G1
PB1.GPIOParameters=GPIO_Speed
PB1.GPIO_Speed=GPIO_SPEED_FREQ_VERY_HIGH
PB1.Locked=true
PB1.Mode=RGB888
PB1.Signal=LTDC_G0
PB10.Locked=true
PB10.Mode=I2C
PB10.Signal=I2C2_SCL
PB11.Locked=true
PB11.Mode=I2C
PB11.Signal=I2C2_SDA
PB12.GPIOParameters=GPIO_Label
PB12.GPIO_Label=S0
PB12.Locked=true
PB12.Signal=GPIO_Output
PB13.GPIOParameters=GPIO_Label
PB13.GPIO_Label=S1
PB13.Locked=true
PB13.Signal=GPIO_Output
PB14.GPIOParameters=GPIO_Speed,GPIO_Label
PB14.GPIO_Label=FRAME_RATE
PB14.GPIO_Speed=GPIO_SPEED_FREQ_VERY_HIGH
PB14.Locked=true
PB14.Signal=GPIO_Output
PB15.GPIOParameters=GPIO_Speed,GPIO_Label
PB15.GPIO_Label=MCU_ACTIVE
PB15.GPIO_Speed=GPIO_SPEED_FREQ_VERY_HIGH
PB15.Locked=true
PB15.Signal=GPIO_Output
PB2.Locked=true
PB2.Mode=OCTOSPI1_Port1_DQS
PB2.Signal=OCTOSPIM_P1_DQS
PB3(JTDO/TRACESWO).Locked=true
PB3(JTDO/TRACESWO).Signal=S_TIM2_CH2
PB8.GPIOParameters=GPIO_Speed
PB8.GPIO_Speed=GPIO_SPEED_FREQ_VERY_HIGH
PB8.Locked=true
PB8.Mode=RGB888
PB8.Signal=LTDC_B6
PB9.GPIOParameters=GPIO_Speed
PB9.GPIO_Speed=GPIO_SPEED_FREQ_VERY_HIGH
PB9.Locked=true
PB9.Mode=RGB888
PB9.Signal=LTDC_B7
PC13.GPIOParameters=GPIO_Label
PC13.GPIO_Label=GPIO_PC13
PC13.Locked=true
PC13.Signal=GPIO_Output
PC2_C.Locked=true
PC2_C.Mode=IN0-Single-Ended
PC2_C.Signal=ADC3_INP0
PC4.Locked=true
PC4.Mode=Follower-DAC_OUT1-INP
PC4.Signal=OPAMP1_VOUT
PC6.GPIOParameters=GPIO_Speed
PC6.GPIO_Speed=GPIO_SPEED_FREQ_VERY_HIGH
PC6.Locked=true
PC6.Mode=RGB888
PC6.Signal=LTDC_HSYNC
PC7.GPIOParameters=GPIO_Speed
PC7.GPIO_Speed=GPIO_SPEED_FREQ_VERY_HIGH
PC7.Locked=true
PC7.Mode=RGB888
PC7.Signal=LTDC_G6
PC9.Locked=true
PC9.Mode=I2C
PC9.Signal=I2C3_SDA
PD0.GPIOParameters=GPIO_Speed
PD0.GPIO_Speed=GPIO_SPEED_FREQ_VERY_HIGH
PD0.Locked=true
PD0.Mode=RGB888
PD0.Signal=LTDC_B1
PD1.Locked=true
PD1.Mode=Asynchronous
PD1.Signal=UART4_TX
PD10.GPIOParameters=GPIO_Speed,PinState,GPIO_PuPd,GPIO_Label
PD10.GPIO_Label=LCD_DISP
PD10.GPIO_PuPd=GPIO_NOPULL
PD10.GPIO_Speed=GPIO_SPEED_FREQ_LOW
PD10.Locked=true
PD10.PinState=GPIO_PIN_RESET
PD10.Signal=GPIO_Output
PD11.Locked=true
PD11.Mode=OCTOSPI1_IOL_Port1L
PD11.Signal=OCTOSPIM_P1_IO0
PD12.Locked=true
PD12.Mode=OCTOSPI1_IOL_Port1L
PD12.Signal=OCTOSPIM_P1_IO1
PD13.Locked=true
PD13.Mode=OCTOSPI1_IOL_Port1L
PD13.Signal=OCTOSPIM_P1_IO3
PD3.GPIOParameters=GPIO_Speed
PD3.GPIO_Speed=GPIO_SPEED_FREQ_VERY_HIGH
PD3.Locked=true
PD3.Mode=RGB888
PD3.Signal=LTDC_G7
PD4.Locked=true
PD4.Mode=OCTOSPI1_IOH_Port1H
PD4.Signal=OCTOSPIM_P1_IO4
PD5.Locked=true
PD5.Mode=OCTOSPI1_IOH_Port1H
PD5.Signal=OCTOSPIM_P1_IO5
PD6.GPIOParameters=GPIO_Speed
PD6.GPIO_Speed=GPIO_SPEED_FREQ_VERY_HIGH
PD6.Locked=true
PD6.Mode=RGB888
PD6.Signal=LTDC_B2
PD7.Locked=true
PD7.Mode=OCTOSPI1_IOH_Port1H
PD7.Signal=OCTOSPIM_P1_IO7
PE0.GPIOParameters=GPIO_Speed
PE0.GPIO_Speed=GPIO_SPEED_FREQ_VERY_HIGH
PE0.Locked=true
PE0.Mode=RGB888
PE0.Signal=LTDC_R0
PE1.GPIOParameters=GPIO_Speed
PE1.GPIO_Speed=GPIO_SPEED_FREQ_VERY_HIGH
PE1.Locked=true
PE1.Mode=RGB888
PE1.Signal=LTDC_R6
PE11.GPIOParameters=GPIO_Speed
PE11.GPIO_Speed=GPIO_SPEED_FREQ_VERY_HIGH
PE11.Locked=true
PE11.Mode=RGB888
PE11.Signal=LTDC_G3
PE12.GPIOParameters=GPIO_Speed
PE12.GPIO_Speed=GPIO_SPEED_FREQ_VERY_HIGH
PE12.Locked=true
PE12.Mode=RGB888
PE12.Signal=LTDC_B4
PE13.GPIOParameters=GPIO_Speed
PE13.GPIO_Speed=GPIO_SPEED_FREQ_VERY_HIGH
PE13.Locked=true
PE13.Mode=RGB888
PE13.Signal=LTDC_DE
PE15.GPIOParameters=GPIO_Speed
PE15.GPIO_Speed=GPIO_SPEED_FREQ_VERY_HIGH
PE15.Locked=true
PE15.Mode=RGB888
PE15.Signal=LTDC_R7
PE2.Locked=true
PE2.Mode=OCTOSPI1_IOL_Port1L
PE2.Signal=OCTOSPIM_P1_IO2
PE4.GPIOParameters=GPIO_Label
PE4.GPIO_Label=GPIO_PE4
PE4.Locked=true
PE4.Signal=GPIO_Output
PF0.Locked=true
PF0.Mode=OCTOSPI2_IOL_Port2L
PF0.Signal=OCTOSPIM_P2_IO0
PF1.Locked=true
PF1.Mode=OCTOSPI2_IOL_Port2L
PF1.Signal=OCTOSPIM_P2_IO1
PF10.Locked=true
PF10.Mode=O1_P1_CLK
PF10.Signal=OCTOSPIM_P1_CLK
PF12.Locked=true
PF12.Mode=OCTOSPI2_Port2_DQS
PF12.Signal=OCTOSPIM_P2_DQS
PF14.Locked=true
PF14.Mode=I2C
PF14.Signal=I2C4_SCL
PF15.Locked=true
PF15.Mode=I2C
PF15.Signal=I2C4_SDA
PF2.Locked=true
PF2.Mode=OCTOSPI2_IOL_Port2L
PF2.Signal=OCTOSPIM_P2_IO2
PF3.Locked=true
PF3.Mode=OCTOSPI2_IOL_Port2L
PF3.Signal=OCTOSPIM_P2_IO3
PF4.Locked=true
PF4.Mode=O2_P2_CLK
PF4.Signal=OCTOSPIM_P2_CLK
PF6.Locked=true
PF6.Mode=Encoder_Interface
PF6.Signal=TIM23_CH1
PG0.Locked=true
PG0.Mode=OCTOSPI2_IOH_Port2H
PG0.Signal=OCTOSPIM_P2_IO4
PG1.Locked=true
PG1.Mode=OCTOSPI2_IOH_Port2H
PG1.Signal=OCTOSPIM_P2_IO5
PG10.Locked=true
PG10.Mode=OCTOSPI2_IOH_Port2H
PG10.Signal=OCTOSPIM_P2_IO6
PG11.Locked=true
PG11.Mode=OCTOSPI2_IOH_Port2H
PG11.Signal=OCTOSPIM_P2_IO7
PG12.Locked=true
PG12.Mode=OCTOSPI2_Port2_NCS
PG12.Signal=OCTOSPIM_P2_NCS
PG13.Locked=true
PG13.Signal=S_TIM23_CH2
PG14.GPIOParameters=GPIO_Speed
PG14.GPIO_Speed=GPIO_SPEED_FREQ_VERY_HIGH
PG14.Locked=true
PG14.Mode=RGB888
PG14.Signal=LTDC_B0
PG15.GPIOParameters=GPIO_Label
PG15.GPIO_Label=LCD_BL_CTRL
PG15.Locked=true
PG15.Signal=GPIO_Output
PG2.GPIOParameters=GPIO_Label
PG2.GPIO_Label=CTP_INT
PG2.Locked=true
PG2.Signal=GPXTI2
PG3.GPIOParameters=GPIO_Speed,GPIO_Label
PG3.GPIO_Label=RENDER_TIME
PG3.GPIO_Speed=GPIO_SPEED_FREQ_VERY_HIGH
PG3.Locked=true
PG3.Signal=GPIO_Output
PG5.GPIOParameters=GPIO_Label
PG5.GPIO_Label=RXTX
PG5.Locked=true
PG5.Signal=GPIO_Output
PG6.Locked=true
PG6.Mode=OCTOSPI1_Port1_NCS
PG6.Signal=OCTOSPIM_P1_NCS
PG7.GPIOParameters=GPIO_Speed
PG7.GPIO_Speed=GPIO_SPEED_FREQ_VERY_HIGH
PG7.Locked=true
PG7.Mode=RGB888
PG7.Signal=LTDC_CLK
PG9.Locked=true
PG9.Mode=OCTOSPI1_IOH_Port1H
PG9.Signal=OCTOSPIM_P1_IO6
PH0-OSC_IN.Locked=true
PH0-OSC_IN.Mode=HSE-External-Oscillator
PH0-OSC_IN.Signal=RCC_OSC_IN
PH1-OSC_OUT.Locked=true
PH1-OSC_OUT.Mode=HSE-External-Oscillator
PH1-OSC_OUT.Signal=RCC_OSC_OUT
PH10.GPIOParameters=GPIO_Speed
PH10.GPIO_Speed=GPIO_SPEED_FREQ_VERY_HIGH
PH10.Locked=true
PH10.Mode=RGB888
PH10.Signal=LTDC_R4
PH11.GPIOParameters=GPIO_Speed
PH11.GPIO_Speed=GPIO_SPEED_FREQ_VERY_HIGH
PH11.Locked=true
PH11.Mode=RGB888
PH11.Signal=LTDC_R5
PH12.GPIOParameters=GPIO_Label
PH12.GPIO_Label=NRXTX
PH12.Locked=true
PH12.Signal=GPIO_Output
PH14.Locked=true
PH14.Mode=Asynchronous
PH14.Signal=UART4_RX
PH15.GPIOParameters=GPIO_Speed
PH15.GPIO_Speed=GPIO_SPEED_FREQ_VERY_HIGH
PH15.Locked=true
PH15.Mode=RGB888
PH15.Signal=LTDC_G4
PH3.GPIOParameters=GPIO_Speed
PH3.GPIO_Speed=GPIO_SPEED_FREQ_VERY_HIGH
PH3.Locked=true
PH3.Mode=RGB888
PH3.Signal=LTDC_R1
PH4.GPIOParameters=GPIO_Speed
PH4.GPIO_Speed=GPIO_SPEED_FREQ_VERY_HIGH
PH4.Locked=true
PH4.Mode=RGB888
PH4.Signal=LTDC_G5
PH6.GPIOParameters=GPIO_Label
PH6.GPIO_Label=LCD_RST
PH6.Locked=true
PH6.Signal=GPIO_Output
PH7.Mode=I2C
PH7.Signal=I2C3_SCL
PH8.GPIOParameters=GPIO_Speed
PH8.GPIO_Speed=GPIO_SPEED_FREQ_VERY_HIGH
PH8.Locked=true
PH8.Mode=RGB888
PH8.Signal=LTDC_R2
PH9.GPIOParameters=GPIO_Speed
PH9.GPIO_Speed=GPIO_SPEED_FREQ_VERY_HIGH
PH9.Locked=true
PH9.Mode=RGB888
PH9.Signal=LTDC_R3
PinOutPanel.CurrentBGAView=Top
PinOutPanel.RotationAngle=0
ProjectManager.AskForMigrate=true
ProjectManager.BackupPrevious=false
ProjectManager.CompilerOptimize=6
ProjectManager.ComputerToolchain=false
ProjectManager.CoupleFile=false
ProjectManager.CustomerFirmwarePackage=
ProjectManager.DefaultFWLocation=true
ProjectManager.DeletePrevious=true
ProjectManager.DeviceId=STM32H735IGKx
ProjectManager.FirmwarePackage=STM32Cube FW_H7 V1.11.2
ProjectManager.FreePins=false
ProjectManager.HalAssertFull=false
ProjectManager.HeapSize=0x1000
ProjectManager.KeepUserCode=true
ProjectManager.LastFirmware=true
ProjectManager.LibraryCopy=1
ProjectManager.MainLocation=Core/Src
ProjectManager.NoMain=false
ProjectManager.PreviousToolchain=STM32CubeIDE
ProjectManager.ProjectBuild=false
ProjectManager.ProjectFileName=CustomSTM32H735_V2_BoardBringUp.ioc
ProjectManager.ProjectName=CustomSTM32H735_V2_BoardBringUp
ProjectManager.ProjectStructure=
ProjectManager.RegisterCallBack=
ProjectManager.StackSize=0x1000
ProjectManager.TargetToolchain=STM32CubeIDE
ProjectManager.ToolChainLocation=
ProjectManager.UAScriptAfterPath=
ProjectManager.UAScriptBeforePath=
ProjectManager.UnderRoot=true
ProjectManager.functionlistsort=1-MX_GPIO_Init-GPIO-false-HAL-true,2-SystemClock_Config-RCC-false-HAL-false,3-MX_CRC_Init-CRC-false-HAL-true,4-MX_DMA2D_Init-DMA2D-false-HAL-true,5-MX_LTDC_Init-LTDC-false-HAL-true,6-MX_OCTOSPI1_Init-OCTOSPI1-false-HAL-true,7-MX_OCTOSPI2_Init-OCTOSPI2-false-HAL-true,8-MX_LIBJPEG_Init-LIBJPEG-false-HAL-false,9-MX_ADC1_Init-ADC1-false-HAL-true,10-MX_ADC2_Init-ADC2-false-HAL-true,11-MX_ADC3_Init-ADC3-false-HAL-true,12-MX_DAC1_Init-DAC1-false-HAL-true,13-MX_I2C2_Init-I2C2-false-HAL-true,14-MX_OPAMP1_Init-OPAMP1-false-HAL-true,15-MX_TIM2_Init-TIM2-false-HAL-true,16-MX_UART4_Init-UART4-false-HAL-true,17-MX_I2C3_Init-I2C3-false-HAL-true,18-MX_I2C4_Init-I2C4-false-HAL-true,19-MX_TIM23_Init-TIM23-false-HAL-true,22-MX_TouchGFX_Init-STMicroelectronics.X-CUBE-TOUCHGFX.4.24.0-false-HAL-false,23-MX_TouchGFX_Process-STMicroelectronics.X-CUBE-TOUCHGFX.4.24.0-false-HAL-false,0-MX_CORTEX_M7_Init-CORTEX_M7-false-HAL-true,0-MX_VREFBUF_Init-VREFBUF-false-HAL-true
RCC.ADCFreq_Value=129000000
RCC.AHB12Freq_Value=275000000
RCC.AHB4Freq_Value=275000000
RCC.APB1Freq_Value=137500000
RCC.APB2Freq_Value=137500000
RCC.APB3Freq_Value=137500000
RCC.APB4Freq_Value=137500000
RCC.AXIClockFreq_Value=275000000
RCC.CECFreq_Value=32000
RCC.CKPERFreq_Value=64000000
RCC.CortexFreq_Value=275000000
RCC.CpuClockFreq_Value=275000000
RCC.D1CPREFreq_Value=275000000
RCC.D1PPRE=RCC_APB3_DIV2
RCC.D2PPRE1=RCC_APB1_DIV2
RCC.D2PPRE2=RCC_APB2_DIV2
RCC.D3PPRE=RCC_APB4_DIV2
RCC.DFSDMACLkFreq_Value=137500000
RCC.DFSDMFreq_Value=137500000
RCC.DIVM1=4
RCC.DIVM3=1
RCC.DIVN1=17
RCC.DIVN3=4
RCC.DIVP1=1
RCC.DIVP1Freq_Value=275000000
RCC.DIVP2Freq_Value=129000000
RCC.DIVP3Freq_Value=128000000
RCC.DIVQ1Freq_Value=137500000
RCC.DIVQ2Freq_Value=129000000
RCC.DIVQ3Freq_Value=128000000
RCC.DIVR1Freq_Value=137500000
RCC.DIVR2Freq_Value=129000000
RCC.DIVR3Freq_Value=128000000
RCC.FDCANFreq_Value=137500000
RCC.FLatency=FLASH_LATENCY_3
RCC.FMCFreq_Value=275000000
RCC.FamilyName=M
RCC.HCLK3ClockFreq_Value=275000000
RCC.HCLKFreq_Value=275000000
RCC.I2C123Freq_Value=137500000
RCC.I2C4Freq_Value=137500000
RCC.IPParameters=ADCFreq_Value,AHB12Freq_Value,AHB4Freq_Value,APB1Freq_Value,APB2Freq_Value,APB3Freq_Value,APB4Freq_Value,AXIClockFreq_Value,CECFreq_Value,CKPERFreq_Value,CortexFreq_Value,CpuClockFreq_Value,D1CPREFreq_Value,D1PPRE,D2PPRE1,D2PPRE2,D3PPRE,DFSDMACLkFreq_Value,DFSDMFreq_Value,DIVM1,DIVM3,DIVN1,DIVN3,DIVP1,DIVP1Freq_Value,DIVP2Freq_Value,DIVP3Freq_Value,DIVQ1Freq_Value,DIVQ2Freq_Value,DIVQ3Freq_Value,DIVR1Freq_Value,DIVR2Freq_Value,DIVR3Freq_Value,FDCANFreq_Value,FLatency,FMCFreq_Value,FamilyName,HCLK3ClockFreq_Value,HCLKFreq_Value,I2C123Freq_Value,I2C4Freq_Value,LPTIM1Freq_Value,LPTIM2Freq_Value,LPTIM345Freq_Value,LPUART1Freq_Value,LTDCFreq_Value,MCO1PinFreq_Value,MCO2PinFreq_Value,PLL3FRACN,PLL3_VCI_Range,PLLFRACN,PWR_Regulator_Voltage_Scale,QSPIFreq_Value,RNGFreq_Value,RTCFreq_Value,SAI1Freq_Value,SAI4AFreq_Value,SAI4BFreq_Value,SDMMCFreq_Value,SPDIFRXFreq_Value,SPI123Freq_Value,SPI45Freq_Value,SPI6Freq_Value,SWPMI1Freq_Value,SYSCLKFreq_VALUE,SYSCLKSource,Tim1OutputFreq_Value,Tim2OutputFreq_Value,TraceFreq_Value,USART16Freq_Value,USART234578Freq_Value,USBFreq_Value,VCO1OutputFreq_Value,VCO2OutputFreq_Value,VCO3OutputFreq_Value,VCOInput1Freq_Value,VCOInput2Freq_Value,VCOInput3Freq_Value
RCC.LPTIM1Freq_Value=137500000
RCC.LPTIM2Freq_Value=137500000
RCC.LPTIM345Freq_Value=137500000
RCC.LPUART1Freq_Value=137500000
RCC.LTDCFreq_Value=128000000
RCC.MCO1PinFreq_Value=64000000
RCC.MCO2PinFreq_Value=275000000
RCC.PLL3FRACN=0
RCC.PLL3_VCI_Range=RCC_PLL3VCIRANGE_0
RCC.PLLFRACN=1536
RCC.PWR_Regulator_Voltage_Scale=PWR_REGULATOR_VOLTAGE_SCALE0
RCC.QSPIFreq_Value=275000000
RCC.RNGFreq_Value=48000000
RCC.RTCFreq_Value=32000
RCC.SAI1Freq_Value=137500000
RCC.SAI4AFreq_Value=137500000
RCC.SAI4BFreq_Value=137500000
RCC.SDMMCFreq_Value=137500000
RCC.SPDIFRXFreq_Value=137500000
RCC.SPI123Freq_Value=137500000
RCC.SPI45Freq_Value=137500000
RCC.SPI6Freq_Value=137500000
RCC.SWPMI1Freq_Value=137500000
RCC.SYSCLKFreq_VALUE=275000000
RCC.SYSCLKSource=RCC_SYSCLKSOURCE_PLLCLK
RCC.Tim1OutputFreq_Value=275000000
RCC.Tim2OutputFreq_Value=275000000
RCC.TraceFreq_Value=137500000
RCC.USART16Freq_Value=137500000
RCC.USART234578Freq_Value=137500000
RCC.USBFreq_Value=137500000
RCC.VCO1OutputFreq_Value=275000000
RCC.VCO2OutputFreq_Value=258000000
RCC.VCO3OutputFreq_Value=256000000
RCC.VCOInput1Freq_Value=16000000
RCC.VCOInput2Freq_Value=2000000
RCC.VCOInput3Freq_Value=64000000
SH.ADCx_INP0.0=ADC1_INP0,IN0-Single-Ended
SH.ADCx_INP0.ConfNb=1
SH.ADCx_INP1.0=ADC2_INP1,IN1-Single-Ended
SH.ADCx_INP1.ConfNb=1
SH.COMP_DAC12_group.0=DAC1_OUT2,DAC_OUT2
SH.COMP_DAC12_group.ConfNb=1
SH.GPXTI2.0=GPIO_EXTI2
SH.GPXTI2.ConfNb=1
SH.S_TIM23_CH2.0=TIM23_CH2,Encoder_Interface
SH.S_TIM23_CH2.ConfNb=1
SH.S_TIM2_CH1_ETR.0=TIM2_CH1,Encoder_Interface
SH.S_TIM2_CH1_ETR.ConfNb=1
SH.S_TIM2_CH2.0=TIM2_CH2,Encoder_Interface
SH.S_TIM2_CH2.ConfNb=1
STMicroelectronics.X-CUBE-TOUCHGFX.4.24.0.ApplicationCcGraphicsJjApplication=TouchGFXOoGenerator
STMicroelectronics.X-CUBE-TOUCHGFX.4.24.0.GraphicsJjApplication_Checked=true
STMicroelectronics.X-CUBE-TOUCHGFX.4.24.0.IPParameters=tgfx_display_interface,tgfx_buffering_strategy,tgfx_vsync,tgfx_hardware_accelerator,tgfx_vector_rendering,tgfx_vector_fonts,ApplicationCcGraphicsJjApplication
STMicroelectronics.X-CUBE-TOUCHGFX.4.24.0.tgfx_buffering_strategy=Double
STMicroelectronics.X-CUBE-TOUCHGFX.4.24.0.tgfx_display_interface=disp_ltdc
STMicroelectronics.X-CUBE-TOUCHGFX.4.24.0.tgfx_hardware_accelerator=dma_2d
STMicroelectronics.X-CUBE-TOUCHGFX.4.24.0.tgfx_vector_fonts=Enabled
STMicroelectronics.X-CUBE-TOUCHGFX.4.24.0.tgfx_vector_rendering=Software
STMicroelectronics.X-CUBE-TOUCHGFX.4.24.0.tgfx_vsync=vsync_ltdc
STMicroelectronics.X-CUBE-TOUCHGFX.4.24.0_IsPackSelfContextualization=true
STMicroelectronics.X-CUBE-TOUCHGFX.4.24.0_SwParameter=ApplicationCcGraphicsJjApplication\:TouchGFXOoGenerator;
VP_CRC_VS_CRC.Mode=CRC_Activate
VP_CRC_VS_CRC.Signal=CRC_VS_CRC
VP_DAC1_VS_DACI1.Mode=DAC_OUT1_Int
VP_DAC1_VS_DACI1.Signal=DAC1_VS_DACI1
VP_DMA2D_VS_DMA2D.Mode=DMA2D_Activate
VP_DMA2D_VS_DMA2D.Signal=DMA2D_VS_DMA2D
VP_FREERTOS_VS_CMSIS_V2.Mode=CMSIS_V2
VP_FREERTOS_VS_CMSIS_V2.Signal=FREERTOS_VS_CMSIS_V2
VP_LIBJPEG_VS_JPEGLIB.Mode=Enabled
VP_LIBJPEG_VS_JPEGLIB.Signal=LIBJPEG_VS_JPEGLIB
VP_MEMORYMAP_VS_MEMORYMAP.Mode=CurAppReg
VP_MEMORYMAP_VS_MEMORYMAP.Signal=MEMORYMAP_VS_MEMORYMAP
VP_OCTOSPI1_VS_octo.Mode=octo_mode
VP_OCTOSPI1_VS_octo.Signal=OCTOSPI1_VS_octo
VP_OCTOSPI2_VS_octo.Mode=hyperbus_mode
VP_OCTOSPI2_VS_octo.Signal=OCTOSPI2_VS_octo
VP_STMicroelectronics.X-CUBE-TOUCHGFX_VS_GraphicsJjApplication_4.24.0.Mode=GraphicsJjApplication
VP_STMicroelectronics.X-CUBE-TOUCHGFX_VS_GraphicsJjApplication_4.24.0.Signal=STMicroelectronics.X-CUBE-TOUCHGFX_VS_GraphicsJjApplication_4.24.0
VP_SYS_VS_tim6.Mode=TIM6
VP_SYS_VS_tim6.Signal=SYS_VS_tim6
VP_VREFBUF_V_VREFBUF.Mode=ExternalMode
VP_VREFBUF_V_VREFBUF.Signal=VREFBUF_V_VREFBUF
board=custom
rtos.0.ip=FREERTOS
